// !$*UTF8*$!
{
	archiveVersion = 1;
	classes = {
	};
	objectVersion = 52;
	objects = {

/* Begin PBXBuildFile section */
		5276B29A26784FA90006A5DB /* AnimalListView.swift in Sources */ = {isa = PBXBuildFile; fileRef = 5276B29926784FA90006A5DB /* AnimalListView.swift */; };
		5276B29D267851F70006A5DB /* AnimalModel.swift in Sources */ = {isa = PBXBuildFile; fileRef = 5276B29C267851F70006A5DB /* AnimalModel.swift */; };
		5276B2A02678603D0006A5DB /* AnimalDetailView.swift in Sources */ = {isa = PBXBuildFile; fileRef = 5276B29F2678603D0006A5DB /* AnimalDetailView.swift */; };
		5276B2A3267864250006A5DB /* HeadingView.swift in Sources */ = {isa = PBXBuildFile; fileRef = 5276B2A2267864250006A5DB /* HeadingView.swift */; };
		5276B2A62678668B0006A5DB /* InsetGalleryView.swift in Sources */ = {isa = PBXBuildFile; fileRef = 5276B2A52678668B0006A5DB /* InsetGalleryView.swift */; };
		5276B2AD267872470006A5DB /* InsetFactView.swift in Sources */ = {isa = PBXBuildFile; fileRef = 5276B2AC267872470006A5DB /* InsetFactView.swift */; };
		5276B2B0267875C40006A5DB /* InsetMapView.swift in Sources */ = {isa = PBXBuildFile; fileRef = 5276B2AF267875C40006A5DB /* InsetMapView.swift */; };
		5276B2B326787A9B0006A5DB /* ExternalWebLinkView.swift in Sources */ = {isa = PBXBuildFile; fileRef = 5276B2B226787A9B0006A5DB /* ExternalWebLinkView.swift */; };
		5284350A267D41C700272B3A /* LocationModel.swift in Sources */ = {isa = PBXBuildFile; fileRef = 52843509267D41C700272B3A /* LocationModel.swift */; };
		5284350D267D4C2000272B3A /* MapAnnotationView.swift in Sources */ = {isa = PBXBuildFile; fileRef = 5284350C267D4C2000272B3A /* MapAnnotationView.swift */; };
		52843510267D9E5300272B3A /* MotionAnimationView.swift in Sources */ = {isa = PBXBuildFile; fileRef = 5284350F267D9E5300272B3A /* MotionAnimationView.swift */; };
		529E6FBD267EF99000CB5A98 /* AnimalGridItemView.swift in Sources */ = {isa = PBXBuildFile; fileRef = 529E6FBC267EF99000CB5A98 /* AnimalGridItemView.swift */; };
		529E6FC4267F096000CB5A98 /* Stickers.xcassets in Resources */ = {isa = PBXBuildFile; fileRef = 529E6FC3267F096000CB5A98 /* Stickers.xcassets */; };
		529E6FC8267F096000CB5A98 /* Stickers.appex in Embed App Extensions */ = {isa = PBXBuildFile; fileRef = 529E6FC1267F095D00CB5A98 /* Stickers.appex */; platformFilter = ios; settings = {ATTRIBUTES = (RemoveHeadersOnCopy, ); }; };
		529E6FD2267F0FEE00CB5A98 /* CreditsView.swift in Sources */ = {isa = PBXBuildFile; fileRef = 529E6FD1267F0FEE00CB5A98 /* CreditsView.swift */; };
		529E6FD7267F11B500CB5A98 /* CenterModifier.swift in Sources */ = {isa = PBXBuildFile; fileRef = 529E6FD6267F11B500CB5A98 /* CenterModifier.swift */; };
		52BEB938267B087100D43939 /* VideoModel.swift in Sources */ = {isa = PBXBuildFile; fileRef = 52BEB937267B087100D43939 /* VideoModel.swift */; };
		52BEB93B267B08D800D43939 /* VideoListItemView.swift in Sources */ = {isa = PBXBuildFile; fileRef = 52BEB93A267B08D800D43939 /* VideoListItemView.swift */; };
		52BEB93F267B13B600D43939 /* VideoPlayerView.swift in Sources */ = {isa = PBXBuildFile; fileRef = 52BEB93E267B13B600D43939 /* VideoPlayerView.swift */; };
		52BEB944267B1A8E00D43939 /* VideoPlayerHelper.swift in Sources */ = {isa = PBXBuildFile; fileRef = 52BEB943267B1A8E00D43939 /* VideoPlayerHelper.swift */; };
		52FEE8DD266487F2003E0ED1 /* AfricaApp.swift in Sources */ = {isa = PBXBuildFile; fileRef = 52FEE8DC266487F2003E0ED1 /* AfricaApp.swift */; };
		52FEE8DF266487F2003E0ED1 /* ContentView.swift in Sources */ = {isa = PBXBuildFile; fileRef = 52FEE8DE266487F2003E0ED1 /* ContentView.swift */; };
		52FEE8E1266487F4003E0ED1 /* Assets.xcassets in Resources */ = {isa = PBXBuildFile; fileRef = 52FEE8E0266487F4003E0ED1 /* Assets.xcassets */; };
		52FEE8E4266487F4003E0ED1 /* Preview Assets.xcassets in Resources */ = {isa = PBXBuildFile; fileRef = 52FEE8E3266487F4003E0ED1 /* Preview Assets.xcassets */; };
		52FEE8F726648B05003E0ED1 /* lioness.mp4 in Resources */ = {isa = PBXBuildFile; fileRef = 52FEE8ED26648B05003E0ED1 /* lioness.mp4 */; };
		52FEE8F826648B05003E0ED1 /* ostrich.mp4 in Resources */ = {isa = PBXBuildFile; fileRef = 52FEE8EE26648B05003E0ED1 /* ostrich.mp4 */; };
		52FEE8F926648B05003E0ED1 /* lion.mp4 in Resources */ = {isa = PBXBuildFile; fileRef = 52FEE8EF26648B05003E0ED1 /* lion.mp4 */; };
		52FEE8FA26648B05003E0ED1 /* cheetah.mp4 in Resources */ = {isa = PBXBuildFile; fileRef = 52FEE8F026648B05003E0ED1 /* cheetah.mp4 */; };
		52FEE8FB26648B05003E0ED1 /* hippo.mp4 in Resources */ = {isa = PBXBuildFile; fileRef = 52FEE8F126648B05003E0ED1 /* hippo.mp4 */; };
		52FEE8FC26648B05003E0ED1 /* gorilla.mp4 in Resources */ = {isa = PBXBuildFile; fileRef = 52FEE8F226648B05003E0ED1 /* gorilla.mp4 */; };
		52FEE8FD26648B05003E0ED1 /* giraffe.mp4 in Resources */ = {isa = PBXBuildFile; fileRef = 52FEE8F326648B05003E0ED1 /* giraffe.mp4 */; };
		52FEE8FE26648B05003E0ED1 /* elephant.mp4 in Resources */ = {isa = PBXBuildFile; fileRef = 52FEE8F426648B05003E0ED1 /* elephant.mp4 */; };
		52FEE8FF26648B05003E0ED1 /* zebra.mp4 in Resources */ = {isa = PBXBuildFile; fileRef = 52FEE8F526648B05003E0ED1 /* zebra.mp4 */; };
		52FEE90026648B05003E0ED1 /* rhino.mp4 in Resources */ = {isa = PBXBuildFile; fileRef = 52FEE8F626648B05003E0ED1 /* rhino.mp4 */; };
		52FEE90726648B54003E0ED1 /* animals.json in Resources */ = {isa = PBXBuildFile; fileRef = 52FEE90326648B54003E0ED1 /* animals.json */; };
		52FEE90826648B54003E0ED1 /* covers.json in Resources */ = {isa = PBXBuildFile; fileRef = 52FEE90426648B54003E0ED1 /* covers.json */; };
		52FEE90926648B54003E0ED1 /* locations.json in Resources */ = {isa = PBXBuildFile; fileRef = 52FEE90526648B54003E0ED1 /* locations.json */; };
		52FEE90A26648B54003E0ED1 /* videos.json in Resources */ = {isa = PBXBuildFile; fileRef = 52FEE90626648B54003E0ED1 /* videos.json */; };
		52FEE9112664AE41003E0ED1 /* VideoListView.swift in Sources */ = {isa = PBXBuildFile; fileRef = 52FEE9102664AE41003E0ED1 /* VideoListView.swift */; };
		52FEE9142664AE5A003E0ED1 /* MapView.swift in Sources */ = {isa = PBXBuildFile; fileRef = 52FEE9132664AE5A003E0ED1 /* MapView.swift */; };
		52FEE9172664AE67003E0ED1 /* GalleryView.swift in Sources */ = {isa = PBXBuildFile; fileRef = 52FEE9162664AE67003E0ED1 /* GalleryView.swift */; };
		52FEE91A2664AE75003E0ED1 /* MainView.swift in Sources */ = {isa = PBXBuildFile; fileRef = 52FEE9192664AE75003E0ED1 /* MainView.swift */; };
		52FEE9492665F582003E0ED1 /* CoverImageView.swift in Sources */ = {isa = PBXBuildFile; fileRef = 52FEE9482665F582003E0ED1 /* CoverImageView.swift */; };
		52FEE94E2665F8E7003E0ED1 /* CoverImageModel.swift in Sources */ = {isa = PBXBuildFile; fileRef = 52FEE94D2665F8E7003E0ED1 /* CoverImageModel.swift */; };
		52FEE9532665FAFF003E0ED1 /* CodableBundleExtension.swift in Sources */ = {isa = PBXBuildFile; fileRef = 52FEE9522665FAFF003E0ED1 /* CodableBundleExtension.swift */; };
/* End PBXBuildFile section */

/* Begin PBXContainerItemProxy section */
		529E6FC6267F096000CB5A98 /* PBXContainerItemProxy */ = {
			isa = PBXContainerItemProxy;
			containerPortal = 52FEE8D1266487F2003E0ED1 /* Project object */;
			proxyType = 1;
			remoteGlobalIDString = 529E6FC0267F095D00CB5A98;
			remoteInfo = Stickers;
		};
/* End PBXContainerItemProxy section */

/* Begin PBXCopyFilesBuildPhase section */
		529E6FCC267F096000CB5A98 /* Embed App Extensions */ = {
			isa = PBXCopyFilesBuildPhase;
			buildActionMask = 2147483647;
			dstPath = "";
			dstSubfolderSpec = 13;
			files = (
				529E6FC8267F096000CB5A98 /* Stickers.appex in Embed App Extensions */,
			);
			name = "Embed App Extensions";
			runOnlyForDeploymentPostprocessing = 0;
		};
/* End PBXCopyFilesBuildPhase section */

/* Begin PBXFileReference section */
		5276B29926784FA90006A5DB /* AnimalListView.swift */ = {isa = PBXFileReference; lastKnownFileType = sourcecode.swift; path = AnimalListView.swift; sourceTree = "<group>"; };
		5276B29C267851F70006A5DB /* AnimalModel.swift */ = {isa = PBXFileReference; lastKnownFileType = sourcecode.swift; path = AnimalModel.swift; sourceTree = "<group>"; };
		5276B29F2678603D0006A5DB /* AnimalDetailView.swift */ = {isa = PBXFileReference; lastKnownFileType = sourcecode.swift; path = AnimalDetailView.swift; sourceTree = "<group>"; };
		5276B2A2267864250006A5DB /* HeadingView.swift */ = {isa = PBXFileReference; lastKnownFileType = sourcecode.swift; path = HeadingView.swift; sourceTree = "<group>"; };
		5276B2A52678668B0006A5DB /* InsetGalleryView.swift */ = {isa = PBXFileReference; lastKnownFileType = sourcecode.swift; path = InsetGalleryView.swift; sourceTree = "<group>"; };
		5276B2AC267872470006A5DB /* InsetFactView.swift */ = {isa = PBXFileReference; lastKnownFileType = sourcecode.swift; path = InsetFactView.swift; sourceTree = "<group>"; };
		5276B2AF267875C40006A5DB /* InsetMapView.swift */ = {isa = PBXFileReference; lastKnownFileType = sourcecode.swift; path = InsetMapView.swift; sourceTree = "<group>"; };
		5276B2B226787A9B0006A5DB /* ExternalWebLinkView.swift */ = {isa = PBXFileReference; lastKnownFileType = sourcecode.swift; path = ExternalWebLinkView.swift; sourceTree = "<group>"; };
		52843509267D41C700272B3A /* LocationModel.swift */ = {isa = PBXFileReference; lastKnownFileType = sourcecode.swift; path = LocationModel.swift; sourceTree = "<group>"; };
		5284350C267D4C2000272B3A /* MapAnnotationView.swift */ = {isa = PBXFileReference; lastKnownFileType = sourcecode.swift; path = MapAnnotationView.swift; sourceTree = "<group>"; };
		5284350F267D9E5300272B3A /* MotionAnimationView.swift */ = {isa = PBXFileReference; lastKnownFileType = sourcecode.swift; path = MotionAnimationView.swift; sourceTree = "<group>"; };
		529E6FBC267EF99000CB5A98 /* AnimalGridItemView.swift */ = {isa = PBXFileReference; lastKnownFileType = sourcecode.swift; path = AnimalGridItemView.swift; sourceTree = "<group>"; };
		529E6FC1267F095D00CB5A98 /* Stickers.appex */ = {isa = PBXFileReference; explicitFileType = "wrapper.app-extension"; includeInIndex = 0; path = Stickers.appex; sourceTree = BUILT_PRODUCTS_DIR; };
		529E6FC3267F096000CB5A98 /* Stickers.xcassets */ = {isa = PBXFileReference; lastKnownFileType = folder.assetcatalog; path = Stickers.xcassets; sourceTree = "<group>"; };
		529E6FC5267F096000CB5A98 /* Info.plist */ = {isa = PBXFileReference; lastKnownFileType = text.plist.xml; path = Info.plist; sourceTree = "<group>"; };
		529E6FD1267F0FEE00CB5A98 /* CreditsView.swift */ = {isa = PBXFileReference; lastKnownFileType = sourcecode.swift; path = CreditsView.swift; sourceTree = "<group>"; };
		529E6FD6267F11B500CB5A98 /* CenterModifier.swift */ = {isa = PBXFileReference; lastKnownFileType = sourcecode.swift; path = CenterModifier.swift; sourceTree = "<group>"; };
		529E6FDC267F13D700CB5A98 /* Africa.entitlements */ = {isa = PBXFileReference; lastKnownFileType = text.plist.entitlements; path = Africa.entitlements; sourceTree = "<group>"; };
		52BEB937267B087100D43939 /* VideoModel.swift */ = {isa = PBXFileReference; lastKnownFileType = sourcecode.swift; path = VideoModel.swift; sourceTree = "<group>"; };
		52BEB93A267B08D800D43939 /* VideoListItemView.swift */ = {isa = PBXFileReference; lastKnownFileType = sourcecode.swift; path = VideoListItemView.swift; sourceTree = "<group>"; };
		52BEB93E267B13B600D43939 /* VideoPlayerView.swift */ = {isa = PBXFileReference; lastKnownFileType = sourcecode.swift; path = VideoPlayerView.swift; sourceTree = "<group>"; };
		52BEB943267B1A8E00D43939 /* VideoPlayerHelper.swift */ = {isa = PBXFileReference; lastKnownFileType = sourcecode.swift; path = VideoPlayerHelper.swift; sourceTree = "<group>"; };
		52FEE8D9266487F2003E0ED1 /* Africa.app */ = {isa = PBXFileReference; explicitFileType = wrapper.application; includeInIndex = 0; path = Africa.app; sourceTree = BUILT_PRODUCTS_DIR; };
		52FEE8DC266487F2003E0ED1 /* AfricaApp.swift */ = {isa = PBXFileReference; lastKnownFileType = sourcecode.swift; path = AfricaApp.swift; sourceTree = "<group>"; };
		52FEE8DE266487F2003E0ED1 /* ContentView.swift */ = {isa = PBXFileReference; lastKnownFileType = sourcecode.swift; path = ContentView.swift; sourceTree = "<group>"; };
		52FEE8E0266487F4003E0ED1 /* Assets.xcassets */ = {isa = PBXFileReference; lastKnownFileType = folder.assetcatalog; path = Assets.xcassets; sourceTree = "<group>"; };
		52FEE8E3266487F4003E0ED1 /* Preview Assets.xcassets */ = {isa = PBXFileReference; lastKnownFileType = folder.assetcatalog; path = "Preview Assets.xcassets"; sourceTree = "<group>"; };
		52FEE8E5266487F4003E0ED1 /* Info.plist */ = {isa = PBXFileReference; lastKnownFileType = text.plist.xml; path = Info.plist; sourceTree = "<group>"; };
		52FEE8ED26648B05003E0ED1 /* lioness.mp4 */ = {isa = PBXFileReference; lastKnownFileType = file; path = lioness.mp4; sourceTree = "<group>"; };
		52FEE8EE26648B05003E0ED1 /* ostrich.mp4 */ = {isa = PBXFileReference; lastKnownFileType = file; path = ostrich.mp4; sourceTree = "<group>"; };
		52FEE8EF26648B05003E0ED1 /* lion.mp4 */ = {isa = PBXFileReference; lastKnownFileType = file; path = lion.mp4; sourceTree = "<group>"; };
		52FEE8F026648B05003E0ED1 /* cheetah.mp4 */ = {isa = PBXFileReference; lastKnownFileType = file; path = cheetah.mp4; sourceTree = "<group>"; };
		52FEE8F126648B05003E0ED1 /* hippo.mp4 */ = {isa = PBXFileReference; lastKnownFileType = file; path = hippo.mp4; sourceTree = "<group>"; };
		52FEE8F226648B05003E0ED1 /* gorilla.mp4 */ = {isa = PBXFileReference; lastKnownFileType = file; path = gorilla.mp4; sourceTree = "<group>"; };
		52FEE8F326648B05003E0ED1 /* giraffe.mp4 */ = {isa = PBXFileReference; lastKnownFileType = file; path = giraffe.mp4; sourceTree = "<group>"; };
		52FEE8F426648B05003E0ED1 /* elephant.mp4 */ = {isa = PBXFileReference; lastKnownFileType = file; path = elephant.mp4; sourceTree = "<group>"; };
		52FEE8F526648B05003E0ED1 /* zebra.mp4 */ = {isa = PBXFileReference; lastKnownFileType = file; path = zebra.mp4; sourceTree = "<group>"; };
		52FEE8F626648B05003E0ED1 /* rhino.mp4 */ = {isa = PBXFileReference; lastKnownFileType = file; path = rhino.mp4; sourceTree = "<group>"; };
		52FEE90326648B54003E0ED1 /* animals.json */ = {isa = PBXFileReference; fileEncoding = 4; lastKnownFileType = text.json; path = animals.json; sourceTree = "<group>"; };
		52FEE90426648B54003E0ED1 /* covers.json */ = {isa = PBXFileReference; fileEncoding = 4; lastKnownFileType = text.json; path = covers.json; sourceTree = "<group>"; };
		52FEE90526648B54003E0ED1 /* locations.json */ = {isa = PBXFileReference; fileEncoding = 4; lastKnownFileType = text.json; path = locations.json; sourceTree = "<group>"; };
		52FEE90626648B54003E0ED1 /* videos.json */ = {isa = PBXFileReference; fileEncoding = 4; lastKnownFileType = text.json; path = videos.json; sourceTree = "<group>"; };
		52FEE9102664AE41003E0ED1 /* VideoListView.swift */ = {isa = PBXFileReference; lastKnownFileType = sourcecode.swift; path = VideoListView.swift; sourceTree = "<group>"; };
		52FEE9132664AE5A003E0ED1 /* MapView.swift */ = {isa = PBXFileReference; lastKnownFileType = sourcecode.swift; path = MapView.swift; sourceTree = "<group>"; };
		52FEE9162664AE67003E0ED1 /* GalleryView.swift */ = {isa = PBXFileReference; lastKnownFileType = sourcecode.swift; path = GalleryView.swift; sourceTree = "<group>"; };
		52FEE9192664AE75003E0ED1 /* MainView.swift */ = {isa = PBXFileReference; lastKnownFileType = sourcecode.swift; path = MainView.swift; sourceTree = "<group>"; };
		52FEE9482665F582003E0ED1 /* CoverImageView.swift */ = {isa = PBXFileReference; lastKnownFileType = sourcecode.swift; path = CoverImageView.swift; sourceTree = "<group>"; };
		52FEE94D2665F8E7003E0ED1 /* CoverImageModel.swift */ = {isa = PBXFileReference; lastKnownFileType = sourcecode.swift; path = CoverImageModel.swift; sourceTree = "<group>"; };
		52FEE9522665FAFF003E0ED1 /* CodableBundleExtension.swift */ = {isa = PBXFileReference; lastKnownFileType = sourcecode.swift; path = CodableBundleExtension.swift; sourceTree = "<group>"; };
/* End PBXFileReference section */

/* Begin PBXFrameworksBuildPhase section */
		52FEE8D6266487F2003E0ED1 /* Frameworks */ = {
			isa = PBXFrameworksBuildPhase;
			buildActionMask = 2147483647;
			files = (
			);
			runOnlyForDeploymentPostprocessing = 0;
		};
/* End PBXFrameworksBuildPhase section */

/* Begin PBXGroup section */
		529E6FC2267F095D00CB5A98 /* Stickers */ = {
			isa = PBXGroup;
			children = (
				529E6FC3267F096000CB5A98 /* Stickers.xcassets */,
				529E6FC5267F096000CB5A98 /* Info.plist */,
			);
			path = Stickers;
			sourceTree = "<group>";
		};
		529E6FD5267F11A800CB5A98 /* Modifier */ = {
			isa = PBXGroup;
			children = (
				529E6FD6267F11B500CB5A98 /* CenterModifier.swift */,
			);
			path = Modifier;
			sourceTree = "<group>";
		};
		52BEB941267B19D400D43939 /* Helper */ = {
			isa = PBXGroup;
			children = (
				52BEB943267B1A8E00D43939 /* VideoPlayerHelper.swift */,
			);
			path = Helper;
			sourceTree = "<group>";
		};
		52FEE8D0266487F2003E0ED1 = {
			isa = PBXGroup;
			children = (
				52FEE8DB266487F2003E0ED1 /* Africa */,
				529E6FC2267F095D00CB5A98 /* Stickers */,
				52FEE8DA266487F2003E0ED1 /* Products */,
			);
			sourceTree = "<group>";
		};
		52FEE8DA266487F2003E0ED1 /* Products */ = {
			isa = PBXGroup;
			children = (
				52FEE8D9266487F2003E0ED1 /* Africa.app */,
				529E6FC1267F095D00CB5A98 /* Stickers.appex */,
			);
			name = Products;
			sourceTree = "<group>";
		};
		52FEE8DB266487F2003E0ED1 /* Africa */ = {
			isa = PBXGroup;
			children = (
				529E6FDC267F13D700CB5A98 /* Africa.entitlements */,
				529E6FD5267F11A800CB5A98 /* Modifier */,
				52BEB941267B19D400D43939 /* Helper */,
				52FEE90E2664ADFB003E0ED1 /* App */,
				52FEE9472665F560003E0ED1 /* View */,
				52FEE94C2665F8D5003E0ED1 /* Model */,
				52FEE9512665FAEE003E0ED1 /* Extension */,
				52FEE90226648B2E003E0ED1 /* Data */,
				52FEE8EC26648AE0003E0ED1 /* Video */,
				52FEE8E0266487F4003E0ED1 /* Assets.xcassets */,
				52FEE8E5266487F4003E0ED1 /* Info.plist */,
				52FEE8E2266487F4003E0ED1 /* Preview Content */,
			);
			path = Africa;
			sourceTree = "<group>";
		};
		52FEE8E2266487F4003E0ED1 /* Preview Content */ = {
			isa = PBXGroup;
			children = (
				52FEE8E3266487F4003E0ED1 /* Preview Assets.xcassets */,
			);
			path = "Preview Content";
			sourceTree = "<group>";
		};
		52FEE8EC26648AE0003E0ED1 /* Video */ = {
			isa = PBXGroup;
			children = (
				52FEE8F026648B05003E0ED1 /* cheetah.mp4 */,
				52FEE8F426648B05003E0ED1 /* elephant.mp4 */,
				52FEE8F326648B05003E0ED1 /* giraffe.mp4 */,
				52FEE8F226648B05003E0ED1 /* gorilla.mp4 */,
				52FEE8F126648B05003E0ED1 /* hippo.mp4 */,
				52FEE8EF26648B05003E0ED1 /* lion.mp4 */,
				52FEE8ED26648B05003E0ED1 /* lioness.mp4 */,
				52FEE8EE26648B05003E0ED1 /* ostrich.mp4 */,
				52FEE8F626648B05003E0ED1 /* rhino.mp4 */,
				52FEE8F526648B05003E0ED1 /* zebra.mp4 */,
			);
			path = Video;
			sourceTree = "<group>";
		};
		52FEE90226648B2E003E0ED1 /* Data */ = {
			isa = PBXGroup;
			children = (
				52FEE90326648B54003E0ED1 /* animals.json */,
				52FEE90426648B54003E0ED1 /* covers.json */,
				52FEE90526648B54003E0ED1 /* locations.json */,
				52FEE90626648B54003E0ED1 /* videos.json */,
			);
			path = Data;
			sourceTree = "<group>";
		};
		52FEE90E2664ADFB003E0ED1 /* App */ = {
			isa = PBXGroup;
			children = (
				52FEE8DC266487F2003E0ED1 /* AfricaApp.swift */,
				52FEE8DE266487F2003E0ED1 /* ContentView.swift */,
				52FEE9102664AE41003E0ED1 /* VideoListView.swift */,
				52FEE9132664AE5A003E0ED1 /* MapView.swift */,
				52FEE9162664AE67003E0ED1 /* GalleryView.swift */,
				52FEE9192664AE75003E0ED1 /* MainView.swift */,
			);
			path = App;
			sourceTree = "<group>";
		};
		52FEE9472665F560003E0ED1 /* View */ = {
			isa = PBXGroup;
			children = (
				52FEE9482665F582003E0ED1 /* CoverImageView.swift */,
				5276B29926784FA90006A5DB /* AnimalListView.swift */,
				5276B29F2678603D0006A5DB /* AnimalDetailView.swift */,
				5276B2A2267864250006A5DB /* HeadingView.swift */,
				5276B2A52678668B0006A5DB /* InsetGalleryView.swift */,
				5276B2AC267872470006A5DB /* InsetFactView.swift */,
				5276B2AF267875C40006A5DB /* InsetMapView.swift */,
				5276B2B226787A9B0006A5DB /* ExternalWebLinkView.swift */,
				52BEB93A267B08D800D43939 /* VideoListItemView.swift */,
				52BEB93E267B13B600D43939 /* VideoPlayerView.swift */,
				5284350C267D4C2000272B3A /* MapAnnotationView.swift */,
				5284350F267D9E5300272B3A /* MotionAnimationView.swift */,
				529E6FBC267EF99000CB5A98 /* AnimalGridItemView.swift */,
				529E6FD1267F0FEE00CB5A98 /* CreditsView.swift */,
			);
			path = View;
			sourceTree = "<group>";
		};
		52FEE94C2665F8D5003E0ED1 /* Model */ = {
			isa = PBXGroup;
			children = (
				52FEE94D2665F8E7003E0ED1 /* CoverImageModel.swift */,
				5276B29C267851F70006A5DB /* AnimalModel.swift */,
				52BEB937267B087100D43939 /* VideoModel.swift */,
				52843509267D41C700272B3A /* LocationModel.swift */,
			);
			path = Model;
			sourceTree = "<group>";
		};
		52FEE9512665FAEE003E0ED1 /* Extension */ = {
			isa = PBXGroup;
			children = (
				52FEE9522665FAFF003E0ED1 /* CodableBundleExtension.swift */,
			);
			path = Extension;
			sourceTree = "<group>";
		};
/* End PBXGroup section */

/* Begin PBXNativeTarget section */
		529E6FC0267F095D00CB5A98 /* Stickers */ = {
			isa = PBXNativeTarget;
			buildConfigurationList = 529E6FC9267F096000CB5A98 /* Build configuration list for PBXNativeTarget "Stickers" */;
			buildPhases = (
				529E6FBF267F095D00CB5A98 /* Resources */,
			);
			buildRules = (
			);
			dependencies = (
			);
			name = Stickers;
			productName = Stickers;
			productReference = 529E6FC1267F095D00CB5A98 /* Stickers.appex */;
			productType = "com.apple.product-type.app-extension.messages-sticker-pack";
		};
		52FEE8D8266487F2003E0ED1 /* Africa */ = {
			isa = PBXNativeTarget;
			buildConfigurationList = 52FEE8E8266487F4003E0ED1 /* Build configuration list for PBXNativeTarget "Africa" */;
			buildPhases = (
				52FEE8D5266487F2003E0ED1 /* Sources */,
				52FEE8D6266487F2003E0ED1 /* Frameworks */,
				52FEE8D7266487F2003E0ED1 /* Resources */,
				529E6FCC267F096000CB5A98 /* Embed App Extensions */,
			);
			buildRules = (
			);
			dependencies = (
				529E6FC7267F096000CB5A98 /* PBXTargetDependency */,
			);
			name = Africa;
			productName = Africa;
			productReference = 52FEE8D9266487F2003E0ED1 /* Africa.app */;
			productType = "com.apple.product-type.application";
		};
/* End PBXNativeTarget section */

/* Begin PBXProject section */
		52FEE8D1266487F2003E0ED1 /* Project object */ = {
			isa = PBXProject;
			attributes = {
				LastSwiftUpdateCheck = 1240;
				LastUpgradeCheck = 1240;
				TargetAttributes = {
					529E6FC0267F095D00CB5A98 = {
						CreatedOnToolsVersion = 12.4;
					};
					52FEE8D8266487F2003E0ED1 = {
						CreatedOnToolsVersion = 12.4;
					};
				};
			};
			buildConfigurationList = 52FEE8D4266487F2003E0ED1 /* Build configuration list for PBXProject "Africa" */;
			compatibilityVersion = "Xcode 9.3";
			developmentRegion = en;
			hasScannedForEncodings = 0;
			knownRegions = (
				en,
				Base,
			);
			mainGroup = 52FEE8D0266487F2003E0ED1;
			productRefGroup = 52FEE8DA266487F2003E0ED1 /* Products */;
			projectDirPath = "";
			projectRoot = "";
			targets = (
				52FEE8D8266487F2003E0ED1 /* Africa */,
				529E6FC0267F095D00CB5A98 /* Stickers */,
			);
		};
/* End PBXProject section */

/* Begin PBXResourcesBuildPhase section */
		529E6FBF267F095D00CB5A98 /* Resources */ = {
			isa = PBXResourcesBuildPhase;
			buildActionMask = 2147483647;
			files = (
				529E6FC4267F096000CB5A98 /* Stickers.xcassets in Resources */,
			);
			runOnlyForDeploymentPostprocessing = 0;
		};
		52FEE8D7266487F2003E0ED1 /* Resources */ = {
			isa = PBXResourcesBuildPhase;
			buildActionMask = 2147483647;
			files = (
				52FEE90026648B05003E0ED1 /* rhino.mp4 in Resources */,
				52FEE8E4266487F4003E0ED1 /* Preview Assets.xcassets in Resources */,
				52FEE8E1266487F4003E0ED1 /* Assets.xcassets in Resources */,
				52FEE8FB26648B05003E0ED1 /* hippo.mp4 in Resources */,
				52FEE8FA26648B05003E0ED1 /* cheetah.mp4 in Resources */,
				52FEE8FC26648B05003E0ED1 /* gorilla.mp4 in Resources */,
				52FEE8F826648B05003E0ED1 /* ostrich.mp4 in Resources */,
				52FEE90926648B54003E0ED1 /* locations.json in Resources */,
				52FEE90826648B54003E0ED1 /* covers.json in Resources */,
				52FEE90726648B54003E0ED1 /* animals.json in Resources */,
				52FEE8FF26648B05003E0ED1 /* zebra.mp4 in Resources */,
				52FEE8F926648B05003E0ED1 /* lion.mp4 in Resources */,
				52FEE8F726648B05003E0ED1 /* lioness.mp4 in Resources */,
				52FEE90A26648B54003E0ED1 /* videos.json in Resources */,
				52FEE8FE26648B05003E0ED1 /* elephant.mp4 in Resources */,
				52FEE8FD26648B05003E0ED1 /* giraffe.mp4 in Resources */,
			);
			runOnlyForDeploymentPostprocessing = 0;
		};
/* End PBXResourcesBuildPhase section */

/* Begin PBXSourcesBuildPhase section */
		52FEE8D5266487F2003E0ED1 /* Sources */ = {
			isa = PBXSourcesBuildPhase;
			buildActionMask = 2147483647;
			files = (
				5276B29A26784FA90006A5DB /* AnimalListView.swift in Sources */,
				52FEE8DF266487F2003E0ED1 /* ContentView.swift in Sources */,
				52FEE91A2664AE75003E0ED1 /* MainView.swift in Sources */,
				5276B2AD267872470006A5DB /* InsetFactView.swift in Sources */,
				52FEE9492665F582003E0ED1 /* CoverImageView.swift in Sources */,
				52FEE94E2665F8E7003E0ED1 /* CoverImageModel.swift in Sources */,
				5276B2A02678603D0006A5DB /* AnimalDetailView.swift in Sources */,
				5276B29D267851F70006A5DB /* AnimalModel.swift in Sources */,
				52FEE9142664AE5A003E0ED1 /* MapView.swift in Sources */,
				5276B2B0267875C40006A5DB /* InsetMapView.swift in Sources */,
				52BEB944267B1A8E00D43939 /* VideoPlayerHelper.swift in Sources */,
				52FEE8DD266487F2003E0ED1 /* AfricaApp.swift in Sources */,
				5276B2B326787A9B0006A5DB /* ExternalWebLinkView.swift in Sources */,
				5284350D267D4C2000272B3A /* MapAnnotationView.swift in Sources */,
				52FEE9112664AE41003E0ED1 /* VideoListView.swift in Sources */,
				52BEB938267B087100D43939 /* VideoModel.swift in Sources */,
				52FEE9172664AE67003E0ED1 /* GalleryView.swift in Sources */,
				5284350A267D41C700272B3A /* LocationModel.swift in Sources */,
				529E6FBD267EF99000CB5A98 /* AnimalGridItemView.swift in Sources */,
				5276B2A62678668B0006A5DB /* InsetGalleryView.swift in Sources */,
				52BEB93B267B08D800D43939 /* VideoListItemView.swift in Sources */,
				529E6FD2267F0FEE00CB5A98 /* CreditsView.swift in Sources */,
				52FEE9532665FAFF003E0ED1 /* CodableBundleExtension.swift in Sources */,
				52843510267D9E5300272B3A /* MotionAnimationView.swift in Sources */,
				529E6FD7267F11B500CB5A98 /* CenterModifier.swift in Sources */,
				5276B2A3267864250006A5DB /* HeadingView.swift in Sources */,
				52BEB93F267B13B600D43939 /* VideoPlayerView.swift in Sources */,
			);
			runOnlyForDeploymentPostprocessing = 0;
		};
/* End PBXSourcesBuildPhase section */

/* Begin PBXTargetDependency section */
		529E6FC7267F096000CB5A98 /* PBXTargetDependency */ = {
			isa = PBXTargetDependency;
			platformFilter = ios;
			target = 529E6FC0267F095D00CB5A98 /* Stickers */;
			targetProxy = 529E6FC6267F096000CB5A98 /* PBXContainerItemProxy */;
		};
/* End PBXTargetDependency section */

/* Begin XCBuildConfiguration section */
		529E6FCA267F096000CB5A98 /* Debug */ = {
			isa = XCBuildConfiguration;
			buildSettings = {
				ASSETCATALOG_COMPILER_APPICON_NAME = "iMessage App Icon";
				CODE_SIGN_STYLE = Automatic;
				DEVELOPMENT_TEAM = B7X863PJN9;
				INFOPLIST_FILE = Stickers/Info.plist;
				IPHONEOS_DEPLOYMENT_TARGET = 10.0;
				PRODUCT_BUNDLE_IDENTIFIER = com.atomuz.Africa.Stickers;
				PRODUCT_NAME = "$(TARGET_NAME)";
				SKIP_INSTALL = YES;
				SUPPORTS_MACCATALYST = NO;
				TARGETED_DEVICE_FAMILY = "1,2";
			};
			name = Debug;
		};
		529E6FCB267F096000CB5A98 /* Release */ = {
			isa = XCBuildConfiguration;
			buildSettings = {
				ASSETCATALOG_COMPILER_APPICON_NAME = "iMessage App Icon";
				CODE_SIGN_STYLE = Automatic;
				DEVELOPMENT_TEAM = B7X863PJN9;
				INFOPLIST_FILE = Stickers/Info.plist;
				IPHONEOS_DEPLOYMENT_TARGET = 10.0;
				PRODUCT_BUNDLE_IDENTIFIER = com.atomuz.Africa.Stickers;
				PRODUCT_NAME = "$(TARGET_NAME)";
				SKIP_INSTALL = YES;
				SUPPORTS_MACCATALYST = NO;
				TARGETED_DEVICE_FAMILY = "1,2";
			};
			name = Release;
		};
		52FEE8E6266487F4003E0ED1 /* Debug */ = {
			isa = XCBuildConfiguration;
			buildSettings = {
				ALWAYS_SEARCH_USER_PATHS = NO;
				CLANG_ANALYZER_NONNULL = YES;
				CLANG_ANALYZER_NUMBER_OBJECT_CONVERSION = YES_AGGRESSIVE;
				CLANG_CXX_LANGUAGE_STANDARD = "gnu++14";
				CLANG_CXX_LIBRARY = "libc++";
				CLANG_ENABLE_MODULES = YES;
				CLANG_ENABLE_OBJC_ARC = YES;
				CLANG_ENABLE_OBJC_WEAK = YES;
				CLANG_WARN_BLOCK_CAPTURE_AUTORELEASING = YES;
				CLANG_WARN_BOOL_CONVERSION = YES;
				CLANG_WARN_COMMA = YES;
				CLANG_WARN_CONSTANT_CONVERSION = YES;
				CLANG_WARN_DEPRECATED_OBJC_IMPLEMENTATIONS = YES;
				CLANG_WARN_DIRECT_OBJC_ISA_USAGE = YES_ERROR;
				CLANG_WARN_DOCUMENTATION_COMMENTS = YES;
				CLANG_WARN_EMPTY_BODY = YES;
				CLANG_WARN_ENUM_CONVERSION = YES;
				CLANG_WARN_INFINITE_RECURSION = YES;
				CLANG_WARN_INT_CONVERSION = YES;
				CLANG_WARN_NON_LITERAL_NULL_CONVERSION = YES;
				CLANG_WARN_OBJC_IMPLICIT_RETAIN_SELF = YES;
				CLANG_WARN_OBJC_LITERAL_CONVERSION = YES;
				CLANG_WARN_OBJC_ROOT_CLASS = YES_ERROR;
				CLANG_WARN_QUOTED_INCLUDE_IN_FRAMEWORK_HEADER = YES;
				CLANG_WARN_RANGE_LOOP_ANALYSIS = YES;
				CLANG_WARN_STRICT_PROTOTYPES = YES;
				CLANG_WARN_SUSPICIOUS_MOVE = YES;
				CLANG_WARN_UNGUARDED_AVAILABILITY = YES_AGGRESSIVE;
				CLANG_WARN_UNREACHABLE_CODE = YES;
				CLANG_WARN__DUPLICATE_METHOD_MATCH = YES;
				COPY_PHASE_STRIP = NO;
				DEBUG_INFORMATION_FORMAT = dwarf;
				ENABLE_STRICT_OBJC_MSGSEND = YES;
				ENABLE_TESTABILITY = YES;
				GCC_C_LANGUAGE_STANDARD = gnu11;
				GCC_DYNAMIC_NO_PIC = NO;
				GCC_NO_COMMON_BLOCKS = YES;
				GCC_OPTIMIZATION_LEVEL = 0;
				GCC_PREPROCESSOR_DEFINITIONS = (
					"DEBUG=1",
					"$(inherited)",
				);
				GCC_WARN_64_TO_32_BIT_CONVERSION = YES;
				GCC_WARN_ABOUT_RETURN_TYPE = YES_ERROR;
				GCC_WARN_UNDECLARED_SELECTOR = YES;
				GCC_WARN_UNINITIALIZED_AUTOS = YES_AGGRESSIVE;
				GCC_WARN_UNUSED_FUNCTION = YES;
				GCC_WARN_UNUSED_VARIABLE = YES;
				IPHONEOS_DEPLOYMENT_TARGET = 14.4;
				MTL_ENABLE_DEBUG_INFO = INCLUDE_SOURCE;
				MTL_FAST_MATH = YES;
				ONLY_ACTIVE_ARCH = YES;
				SDKROOT = iphoneos;
				SWIFT_ACTIVE_COMPILATION_CONDITIONS = DEBUG;
				SWIFT_OPTIMIZATION_LEVEL = "-Onone";
			};
			name = Debug;
		};
		52FEE8E7266487F4003E0ED1 /* Release */ = {
			isa = XCBuildConfiguration;
			buildSettings = {
				ALWAYS_SEARCH_USER_PATHS = NO;
				CLANG_ANALYZER_NONNULL = YES;
				CLANG_ANALYZER_NUMBER_OBJECT_CONVERSION = YES_AGGRESSIVE;
				CLANG_CXX_LANGUAGE_STANDARD = "gnu++14";
				CLANG_CXX_LIBRARY = "libc++";
				CLANG_ENABLE_MODULES = YES;
				CLANG_ENABLE_OBJC_ARC = YES;
				CLANG_ENABLE_OBJC_WEAK = YES;
				CLANG_WARN_BLOCK_CAPTURE_AUTORELEASING = YES;
				CLANG_WARN_BOOL_CONVERSION = YES;
				CLANG_WARN_COMMA = YES;
				CLANG_WARN_CONSTANT_CONVERSION = YES;
				CLANG_WARN_DEPRECATED_OBJC_IMPLEMENTATIONS = YES;
				CLANG_WARN_DIRECT_OBJC_ISA_USAGE = YES_ERROR;
				CLANG_WARN_DOCUMENTATION_COMMENTS = YES;
				CLANG_WARN_EMPTY_BODY = YES;
				CLANG_WARN_ENUM_CONVERSION = YES;
				CLANG_WARN_INFINITE_RECURSION = YES;
				CLANG_WARN_INT_CONVERSION = YES;
				CLANG_WARN_NON_LITERAL_NULL_CONVERSION = YES;
				CLANG_WARN_OBJC_IMPLICIT_RETAIN_SELF = YES;
				CLANG_WARN_OBJC_LITERAL_CONVERSION = YES;
				CLANG_WARN_OBJC_ROOT_CLASS = YES_ERROR;
				CLANG_WARN_QUOTED_INCLUDE_IN_FRAMEWORK_HEADER = YES;
				CLANG_WARN_RANGE_LOOP_ANALYSIS = YES;
				CLANG_WARN_STRICT_PROTOTYPES = YES;
				CLANG_WARN_SUSPICIOUS_MOVE = YES;
				CLANG_WARN_UNGUARDED_AVAILABILITY = YES_AGGRESSIVE;
				CLANG_WARN_UNREACHABLE_CODE = YES;
				CLANG_WARN__DUPLICATE_METHOD_MATCH = YES;
				COPY_PHASE_STRIP = NO;
				DEBUG_INFORMATION_FORMAT = "dwarf-with-dsym";
				ENABLE_NS_ASSERTIONS = NO;
				ENABLE_STRICT_OBJC_MSGSEND = YES;
				GCC_C_LANGUAGE_STANDARD = gnu11;
				GCC_NO_COMMON_BLOCKS = YES;
				GCC_WARN_64_TO_32_BIT_CONVERSION = YES;
				GCC_WARN_ABOUT_RETURN_TYPE = YES_ERROR;
				GCC_WARN_UNDECLARED_SELECTOR = YES;
				GCC_WARN_UNINITIALIZED_AUTOS = YES_AGGRESSIVE;
				GCC_WARN_UNUSED_FUNCTION = YES;
				GCC_WARN_UNUSED_VARIABLE = YES;
				IPHONEOS_DEPLOYMENT_TARGET = 14.4;
				MTL_ENABLE_DEBUG_INFO = NO;
				MTL_FAST_MATH = YES;
				SDKROOT = iphoneos;
				SWIFT_COMPILATION_MODE = wholemodule;
				SWIFT_OPTIMIZATION_LEVEL = "-O";
				VALIDATE_PRODUCT = YES;
			};
			name = Release;
		};
		52FEE8E9266487F4003E0ED1 /* Debug */ = {
			isa = XCBuildConfiguration;
			buildSettings = {
				ASSETCATALOG_COMPILER_APPICON_NAME = AppIcon;
				ASSETCATALOG_COMPILER_GLOBAL_ACCENT_COLOR_NAME = AccentColor;
				CODE_SIGN_ENTITLEMENTS = Africa/Africa.entitlements;
				CODE_SIGN_STYLE = Automatic;
				DEVELOPMENT_ASSET_PATHS = "\"Africa/Preview Content\"";
				DEVELOPMENT_TEAM = B7X863PJN9;
				ENABLE_PREVIEWS = YES;
				INFOPLIST_FILE = Africa/Info.plist;
				IPHONEOS_DEPLOYMENT_TARGET = 14.0;
				LD_RUNPATH_SEARCH_PATHS = (
					"$(inherited)",
					"@executable_path/Frameworks",
				);
				PRODUCT_BUNDLE_IDENTIFIER = com.atomuz.Africa;
				PRODUCT_NAME = "$(TARGET_NAME)";
				SUPPORTS_MACCATALYST = YES;
				SWIFT_VERSION = 5.0;
				TARGETED_DEVICE_FAMILY = "1,2";
			};
			name = Debug;
		};
		52FEE8EA266487F4003E0ED1 /* Release */ = {
			isa = XCBuildConfiguration;
			buildSettings = {
				ASSETCATALOG_COMPILER_APPICON_NAME = AppIcon;
				ASSETCATALOG_COMPILER_GLOBAL_ACCENT_COLOR_NAME = AccentColor;
				CODE_SIGN_ENTITLEMENTS = Africa/Africa.entitlements;
				CODE_SIGN_STYLE = Automatic;
				DEVELOPMENT_ASSET_PATHS = "\"Africa/Preview Content\"";
				DEVELOPMENT_TEAM = B7X863PJN9;
				ENABLE_PREVIEWS = YES;
				INFOPLIST_FILE = Africa/Info.plist;
				IPHONEOS_DEPLOYMENT_TARGET = 14.0;
				LD_RUNPATH_SEARCH_PATHS = (
					"$(inherited)",
					"@executable_path/Frameworks",
				);
				PRODUCT_BUNDLE_IDENTIFIER = com.atomuz.Africa;
				PRODUCT_NAME = "$(TARGET_NAME)";
				SUPPORTS_MACCATALYST = YES;
				SWIFT_VERSION = 5.0;
				TARGETED_DEVICE_FAMILY = "1,2";
			};
			name = Release;
		};
/* End XCBuildConfiguration section */

/* Begin XCConfigurationList section */
		529E6FC9267F096000CB5A98 /* Build configuration list for PBXNativeTarget "Stickers" */ = {
			isa = XCConfigurationList;
			buildConfigurations = (
				529E6FCA267F096000CB5A98 /* Debug */,
				529E6FCB267F096000CB5A98 /* Release */,
			);
			defaultConfigurationIsVisible = 0;
			defaultConfigurationName = Release;
		};
		52FEE8D4266487F2003E0ED1 /* Build configuration list for PBXProject "Africa" */ = {
			isa = XCConfigurationList;
			buildConfigurations = (
				52FEE8E6266487F4003E0ED1 /* Debug */,
				52FEE8E7266487F4003E0ED1 /* Release */,
			);
			defaultConfigurationIsVisible = 0;
			defaultConfigurationName = Release;
		};
		52FEE8E8266487F4003E0ED1 /* Build configuration list for PBXNativeTarget "Africa" */ = {
			isa = XCConfigurationList;
			buildConfigurations = (
				52FEE8E9266487F4003E0ED1 /* Debug */,
				52FEE8EA266487F4003E0ED1 /* Release */,
			);
			defaultConfigurationIsVisible = 0;
			defaultConfigurationName = Release;
		};
/* End XCConfigurationList section */
	};
	rootObject = 52FEE8D1266487F2003E0ED1 /* Project object */;
}
